PATH
  remote: .
  specs:
    mktorrent (1.6.3)
      bencode (~> 0.8)
      rake (~> 10.1)

GEM
  remote: https://rubygems.org/
  specs:
    ansi (1.5.0)
    bencode (0.8.2)
    builder (3.2.2)
    coderay (1.1.0)
    method_source (0.8.2)
    minitest (5.8.0)
    minitest-reporters (1.1.0)
      ansi
      builder
      minitest (>= 5.0)
      ruby-progressbar
    pry (0.10.1)
      coderay (~> 1.1.0)
      method_source (~> 0.8.1)
      slop (~> 3.4)
    rake (10.4.2)
    ruby-progressbar (1.7.5)
    rubygems-tasks (0.2.4)
    slop (3.6.0)

PLATFORMS
  ruby

DEPENDENCIES
  minitest (~> 5.0)
  minitest-reporters (~> 1.0)
  mktorrent!
  pry
  rubygems-tasks (= 0.2.4)

BUNDLED WITH
   1.10.6
